
Microsoft Visual Studio Solution File, Format Version 12.00
# Visual Studio Version 17
VisualStudioVersion = 17.13.35806.99 d17.13
MinimumVisualStudioVersion = 10.0.40219.1
Project("{FAE04EC0-301F-11D3-BF4B-00C04F79EFBC}") = "IPLLive", "IPLLive.csproj", "{AD9E0372-36AE-48DE-A287-D9AF5E982E7C}"
EndProject
Global
	GlobalSection(SolutionConfigurationPlatforms) = preSolution
		Debug|Any CPU = Debug|Any CPU
		Release|Any CPU = Release|Any CPU
	EndGlobalSection
	GlobalSection(ProjectConfigurationPlatforms) = postSolution
		{AD9E0372-36AE-48DE-A287-D9AF5E982E7C}.Debug|Any CPU.ActiveCfg = Debug|Any CPU
		{AD9E0372-36AE-48DE-A287-D9AF5E982E7C}.Debug|Any CPU.Build.0 = Debug|Any CPU
		{AD9E0372-36AE-48DE-A287-D9AF5E982E7C}.Release|Any CPU.ActiveCfg = Release|Any CPU
		{AD9E0372-36AE-48DE-A287-D9AF5E982E7C}.Release|Any CPU.Build.0 = Release|Any CPU
	EndGlobalSection
	GlobalSection(SolutionProperties) = preSolution
		HideSolutionNode = FALSE
	EndGlobalSection
	GlobalSection(ExtensibilityGlobals) = postSolution
		SolutionGuid = {C43E1BE9-9386-4C0B-957E-B2AA74648D96}
	EndGlobalSection
EndGlobal
